# This file is automatically @generated by Cargo.
# It is not intended for manual editing.
version = 4

[[package]]
name = "abc-rust"
version = "0.1.0"
dependencies = [
 "odbc",
]

[[package]]
name = "cfg-if"
version = "1.0.4"
source = "registry+https://github.com/rust-lang/crates.io-index"
checksum = "9330f8b2ff13f34540b44e946ef35111825727b38d33286ef986142615121801"

[[package]]
name = "doc-comment"
version = "0.3.4"
source = "registry+https://github.com/rust-lang/crates.io-index"
checksum = "780955b8b195a21ab8e4ac6b60dd1dbdcec1dc6c51c0617964b08c81785e12c9"

[[package]]
name = "encoding_rs"
version = "0.8.35"
source = "registry+https://github.com/rust-lang/crates.io-index"
checksum = "75030f3c4f45dafd7586dd6780965a8c7e8e285a5ecb86713e63a79c5b2766f3"
dependencies = [
 "cfg-if",
]

[[package]]
name = "log"
version = "0.4.29"
source = "registry+https://github.com/rust-lang/crates.io-index"
checksum = "5e5032e24019045c762d3c0f28f5b6b8bbf38563a65908389bf7978758920897"

[[package]]
name = "odbc"
version = "0.17.0"
source = "registry+https://github.com/rust-lang/crates.io-index"
checksum = "1a2056ebb920918e743ccd0ceb6bc9d8e02e4d0d48c28550d1887e7490f6f298"
dependencies = [
 "doc-comment",
 "encoding_rs",
 "log",
 "odbc-safe",
 "odbc-sys",
]

[[package]]
name = "odbc-safe"
version = "0.5.0"
source = "registry+https://github.com/rust-lang/crates.io-index"
checksum = "f45de02ae2d07b38a7ef0e64139d971b1590d834c2ec089132d0eb49678e7e5a"
dependencies = [
 "odbc-sys",
]

[[package]]
name = "odbc-sys"
version = "0.8.2"
source = "registry+https://github.com/rust-lang/crates.io-index"
checksum = "dec5c5490e13c423d25508b13cd2cc432490043f5ed5b46b61a75857642f4f37"
